Microsoft Visual Studio Solution File, Format Version 11.00
# Visual Studio 2008

Project("{2BF070C3-7B15-0F67-329A-D1E02D84F510}") = "Prototype tests", "Assembly-CSharp-firstpass.csproj", "{FED2946F-D82A-DB18-E7A0-DAFDBD6BAFFA}"
EndProject
Project("{2BF070C3-7B15-0F67-329A-D1E02D84F510}") = "Prototype tests", "Assembly-CSharp.csproj", "{85641405-E7E8-294E-E59F-77F7AE12B34D}"
EndProject
Project("{2BF070C3-7B15-0F67-329A-D1E02D84F510}") = "Prototype tests", "Assembly-CSharp-Editor.csproj", "{8AD74DF8-062C-3A8B-00A6-2232DBF98CDE}"
EndProject
Global
	GlobalSection(SolutionConfigurationPlatforms) = preSolution
		Debug|Any CPU = Debug|Any CPU
		Release|Any CPU = Release|Any CPU
	EndGlobalSection
	GlobalSection(ProjectConfigurationPlatforms) = postSolution
		{FED2946F-D82A-DB18-E7A0-DAFDBD6BAFFA}.Debug|Any CPU.ActiveCfg = Debug|Any CPU
		{FED2946F-D82A-DB18-E7A0-DAFDBD6BAFFA}.Debug|Any CPU.Build.0 = Debug|Any CPU
		{FED2946F-D82A-DB18-E7A0-DAFDBD6BAFFA}.Release|Any CPU.ActiveCfg = Release|Any CPU
		{FED2946F-D82A-DB18-E7A0-DAFDBD6BAFFA}.Release|Any CPU.Build.0 = Release|Any CPU
		{85641405-E7E8-294E-E59F-77F7AE12B34D}.Debug|Any CPU.ActiveCfg = Debug|Any CPU
		{85641405-E7E8-294E-E59F-77F7AE12B34D}.Debug|Any CPU.Build.0 = Debug|Any CPU
		{85641405-E7E8-294E-E59F-77F7AE12B34D}.Release|Any CPU.ActiveCfg = Release|Any CPU
		{85641405-E7E8-294E-E59F-77F7AE12B34D}.Release|Any CPU.Build.0 = Release|Any CPU
		{8AD74DF8-062C-3A8B-00A6-2232DBF98CDE}.Debug|Any CPU.ActiveCfg = Debug|Any CPU
		{8AD74DF8-062C-3A8B-00A6-2232DBF98CDE}.Debug|Any CPU.Build.0 = Debug|Any CPU
		{8AD74DF8-062C-3A8B-00A6-2232DBF98CDE}.Release|Any CPU.ActiveCfg = Release|Any CPU
		{8AD74DF8-062C-3A8B-00A6-2232DBF98CDE}.Release|Any CPU.Build.0 = Release|Any CPU
	EndGlobalSection
	GlobalSection(SolutionProperties) = preSolution
		HideSolutionNode = FALSE
	EndGlobalSection
												GlobalSection(MonoDevelopProperties) = preSolution
		StartupItem = Assembly-CSharp.csproj
		Policies = $0
		$0.TextStylePolicy = $1
		$1.inheritsSet = null
		$1.scope = text/x-csharp
		$0.CSharpFormattingPolicy = $2
		$2.inheritsSet = Mono
		$2.inheritsScope = text/x-csharp
		$2.scope = text/x-csharp
		$0.TextStylePolicy = $3
		$3.FileWidth = 120
		$3.TabWidth = 4
		$3.IndentWidth = 4
		$3.EolMarker = Unix
		$3.inheritsSet = Mono
		$3.inheritsScope = text/plain
		$3.scope = text/plain
	EndGlobalSection

EndGlobal
